
Microsoft Visual Studio Solution File, Format Version 12.00
# Visual Studio 15
VisualStudioVersion = 15.0.28307.1500
MinimumVisualStudioVersion = 10.0.40219.1
Project("{FAE04EC0-301F-11D3-BF4B-00C04F79EFBC}") = "FunPayApp.Android", "FunPayApp\FunPayApp.Android\FunPayApp.Android.csproj", "{24CE3C36-16B9-426D-AA0C-5961ECF8D88C}"
EndProject
Project("{FAE04EC0-301F-11D3-BF4B-00C04F79EFBC}") = "FunPayApp.iOS", "FunPayApp\FunPayApp.iOS\FunPayApp.iOS.csproj", "{96AC908F-C9F7-44A5-BB86-8D85694FC8E8}"
EndProject
Project("{FAE04EC0-301F-11D3-BF4B-00C04F79EFBC}") = "FunPayApp.MobileAppService", "FunPayApp\FunPayApp.MobileAppService\FunPayApp.MobileAppService.csproj", "{6E0FEBC5-342C-4D5C-BBE6-87324D05FD4A}"
EndProject
Project("{FAE04EC0-301F-11D3-BF4B-00C04F79EFBC}") = "FunPayApp", "FunPayApp\FunPayApp\FunPayApp.csproj", "{C109A4EC-D6A0-44C9-B905-6692293062F4}"
EndProject
Global
	GlobalSection(SolutionConfigurationPlatforms) = preSolution
		Debug|Any CPU = Debug|Any CPU
		Debug|iPhone = Debug|iPhone
		Debug|iPhoneSimulator = Debug|iPhoneSimulator
		Release|Any CPU = Release|Any CPU
		Release|iPhone = Release|iPhone
		Release|iPhoneSimulator = Release|iPhoneSimulator
	EndGlobalSection
	GlobalSection(ProjectConfigurationPlatforms) = postSolution
		{24CE3C36-16B9-426D-AA0C-5961ECF8D88C}.Debug|Any CPU.ActiveCfg = Debug|Any CPU
		{24CE3C36-16B9-426D-AA0C-5961ECF8D88C}.Debug|Any CPU.Build.0 = Debug|Any CPU
		{24CE3C36-16B9-426D-AA0C-5961ECF8D88C}.Debug|Any CPU.Deploy.0 = Debug|Any CPU
		{24CE3C36-16B9-426D-AA0C-5961ECF8D88C}.Debug|iPhone.ActiveCfg = Debug|Any CPU
		{24CE3C36-16B9-426D-AA0C-5961ECF8D88C}.Debug|iPhone.Build.0 = Debug|Any CPU
		{24CE3C36-16B9-426D-AA0C-5961ECF8D88C}.Debug|iPhone.Deploy.0 = Debug|Any CPU
		{24CE3C36-16B9-426D-AA0C-5961ECF8D88C}.Debug|iPhoneSimulator.ActiveCfg = Debug|Any CPU
		{24CE3C36-16B9-426D-AA0C-5961ECF8D88C}.Debug|iPhoneSimulator.Build.0 = Debug|Any CPU
		{24CE3C36-16B9-426D-AA0C-5961ECF8D88C}.Debug|iPhoneSimulator.Deploy.0 = Debug|Any CPU
		{24CE3C36-16B9-426D-AA0C-5961ECF8D88C}.Release|Any CPU.ActiveCfg = Release|Any CPU
		{24CE3C36-16B9-426D-AA0C-5961ECF8D88C}.Release|Any CPU.Build.0 = Release|Any CPU
		{24CE3C36-16B9-426D-AA0C-5961ECF8D88C}.Release|Any CPU.Deploy.0 = Release|Any CPU
		{24CE3C36-16B9-426D-AA0C-5961ECF8D88C}.Release|iPhone.ActiveCfg = Release|Any CPU
		{24CE3C36-16B9-426D-AA0C-5961ECF8D88C}.Release|iPhone.Build.0 = Release|Any CPU
		{24CE3C36-16B9-426D-AA0C-5961ECF8D88C}.Release|iPhone.Deploy.0 = Release|Any CPU
		{24CE3C36-16B9-426D-AA0C-5961ECF8D88C}.Release|iPhoneSimulator.ActiveCfg = Release|Any CPU
		{24CE3C36-16B9-426D-AA0C-5961ECF8D88C}.Release|iPhoneSimulator.Build.0 = Release|Any CPU
		{24CE3C36-16B9-426D-AA0C-5961ECF8D88C}.Release|iPhoneSimulator.Deploy.0 = Release|Any CPU
		{96AC908F-C9F7-44A5-BB86-8D85694FC8E8}.Debug|Any CPU.ActiveCfg = Debug|iPhoneSimulator
		{96AC908F-C9F7-44A5-BB86-8D85694FC8E8}.Debug|Any CPU.Build.0 = Debug|iPhoneSimulator
		{96AC908F-C9F7-44A5-BB86-8D85694FC8E8}.Debug|Any CPU.Deploy.0 = Debug|iPhoneSimulator
		{96AC908F-C9F7-44A5-BB86-8D85694FC8E8}.Debug|iPhone.ActiveCfg = Debug|iPhone
		{96AC908F-C9F7-44A5-BB86-8D85694FC8E8}.Debug|iPhone.Build.0 = Debug|iPhone
		{96AC908F-C9F7-44A5-BB86-8D85694FC8E8}.Debug|iPhone.Deploy.0 = Debug|iPhone
		{96AC908F-C9F7-44A5-BB86-8D85694FC8E8}.Debug|iPhoneSimulator.ActiveCfg = Debug|iPhoneSimulator
		{96AC908F-C9F7-44A5-BB86-8D85694FC8E8}.Debug|iPhoneSimulator.Build.0 = Debug|iPhoneSimulator
		{96AC908F-C9F7-44A5-BB86-8D85694FC8E8}.Debug|iPhoneSimulator.Deploy.0 = Debug|iPhoneSimulator
		{96AC908F-C9F7-44A5-BB86-8D85694FC8E8}.Release|Any CPU.ActiveCfg = Release|iPhone
		{96AC908F-C9F7-44A5-BB86-8D85694FC8E8}.Release|Any CPU.Build.0 = Release|iPhone
		{96AC908F-C9F7-44A5-BB86-8D85694FC8E8}.Release|Any CPU.Deploy.0 = Release|iPhone
		{96AC908F-C9F7-44A5-BB86-8D85694FC8E8}.Release|iPhone.ActiveCfg = Release|iPhone
		{96AC908F-C9F7-44A5-BB86-8D85694FC8E8}.Release|iPhone.Build.0 = Release|iPhone
		{96AC908F-C9F7-44A5-BB86-8D85694FC8E8}.Release|iPhone.Deploy.0 = Release|iPhone
		{96AC908F-C9F7-44A5-BB86-8D85694FC8E8}.Release|iPhoneSimulator.ActiveCfg = Release|iPhoneSimulator
		{96AC908F-C9F7-44A5-BB86-8D85694FC8E8}.Release|iPhoneSimulator.Build.0 = Release|iPhoneSimulator
		{96AC908F-C9F7-44A5-BB86-8D85694FC8E8}.Release|iPhoneSimulator.Deploy.0 = Release|iPhoneSimulator
		{6E0FEBC5-342C-4D5C-BBE6-87324D05FD4A}.Debug|Any CPU.ActiveCfg = Debug|Any CPU
		{6E0FEBC5-342C-4D5C-BBE6-87324D05FD4A}.Debug|Any CPU.Build.0 = Debug|Any CPU
		{6E0FEBC5-342C-4D5C-BBE6-87324D05FD4A}.Debug|Any CPU.Deploy.0 = Debug|Any CPU
		{6E0FEBC5-342C-4D5C-BBE6-87324D05FD4A}.Debug|iPhone.ActiveCfg = Debug|Any CPU
		{6E0FEBC5-342C-4D5C-BBE6-87324D05FD4A}.Debug|iPhone.Build.0 = Debug|Any CPU
		{6E0FEBC5-342C-4D5C-BBE6-87324D05FD4A}.Debug|iPhone.Deploy.0 = Debug|Any CPU
		{6E0FEBC5-342C-4D5C-BBE6-87324D05FD4A}.Debug|iPhoneSimulator.ActiveCfg = Debug|Any CPU
		{6E0FEBC5-342C-4D5C-BBE6-87324D05FD4A}.Debug|iPhoneSimulator.Build.0 = Debug|Any CPU
		{6E0FEBC5-342C-4D5C-BBE6-87324D05FD4A}.Debug|iPhoneSimulator.Deploy.0 = Debug|Any CPU
		{6E0FEBC5-342C-4D5C-BBE6-87324D05FD4A}.Release|Any CPU.ActiveCfg = Release|Any CPU
		{6E0FEBC5-342C-4D5C-BBE6-87324D05FD4A}.Release|Any CPU.Build.0 = Release|Any CPU
		{6E0FEBC5-342C-4D5C-BBE6-87324D05FD4A}.Release|Any CPU.Deploy.0 = Release|Any CPU
		{6E0FEBC5-342C-4D5C-BBE6-87324D05FD4A}.Release|iPhone.ActiveCfg = Release|Any CPU
		{6E0FEBC5-342C-4D5C-BBE6-87324D05FD4A}.Release|iPhone.Build.0 = Release|Any CPU
		{6E0FEBC5-342C-4D5C-BBE6-87324D05FD4A}.Release|iPhone.Deploy.0 = Release|Any CPU
		{6E0FEBC5-342C-4D5C-BBE6-87324D05FD4A}.Release|iPhoneSimulator.ActiveCfg = Release|Any CPU
		{6E0FEBC5-342C-4D5C-BBE6-87324D05FD4A}.Release|iPhoneSimulator.Build.0 = Release|Any CPU
		{6E0FEBC5-342C-4D5C-BBE6-87324D05FD4A}.Release|iPhoneSimulator.Deploy.0 = Release|Any CPU
		{C109A4EC-D6A0-44C9-B905-6692293062F4}.Debug|Any CPU.ActiveCfg = Debug|Any CPU
		{C109A4EC-D6A0-44C9-B905-6692293062F4}.Debug|Any CPU.Build.0 = Debug|Any CPU
		{C109A4EC-D6A0-44C9-B905-6692293062F4}.Debug|Any CPU.Deploy.0 = Debug|Any CPU
		{C109A4EC-D6A0-44C9-B905-6692293062F4}.Debug|iPhone.ActiveCfg = Debug|Any CPU
		{C109A4EC-D6A0-44C9-B905-6692293062F4}.Debug|iPhone.Build.0 = Debug|Any CPU
		{C109A4EC-D6A0-44C9-B905-6692293062F4}.Debug|iPhone.Deploy.0 = Debug|Any CPU
		{C109A4EC-D6A0-44C9-B905-6692293062F4}.Debug|iPhoneSimulator.ActiveCfg = Debug|Any CPU
		{C109A4EC-D6A0-44C9-B905-6692293062F4}.Debug|iPhoneSimulator.Build.0 = Debug|Any CPU
		{C109A4EC-D6A0-44C9-B905-6692293062F4}.Debug|iPhoneSimulator.Deploy.0 = Debug|Any CPU
		{C109A4EC-D6A0-44C9-B905-6692293062F4}.Release|Any CPU.ActiveCfg = Release|Any CPU
		{C109A4EC-D6A0-44C9-B905-6692293062F4}.Release|Any CPU.Build.0 = Release|Any CPU
		{C109A4EC-D6A0-44C9-B905-6692293062F4}.Release|Any CPU.Deploy.0 = Release|Any CPU
		{C109A4EC-D6A0-44C9-B905-6692293062F4}.Release|iPhone.ActiveCfg = Release|Any CPU
		{C109A4EC-D6A0-44C9-B905-6692293062F4}.Release|iPhone.Build.0 = Release|Any CPU
		{C109A4EC-D6A0-44C9-B905-6692293062F4}.Release|iPhone.Deploy.0 = Release|Any CPU
		{C109A4EC-D6A0-44C9-B905-6692293062F4}.Release|iPhoneSimulator.ActiveCfg = Release|Any CPU
		{C109A4EC-D6A0-44C9-B905-6692293062F4}.Release|iPhoneSimulator.Build.0 = Release|Any CPU
		{C109A4EC-D6A0-44C9-B905-6692293062F4}.Release|iPhoneSimulator.Deploy.0 = Release|Any CPU
	EndGlobalSection
	GlobalSection(SolutionProperties) = preSolution
		HideSolutionNode = FALSE
	EndGlobalSection
	GlobalSection(ExtensibilityGlobals) = postSolution
		SolutionGuid = {00F711C0-29EC-45B8-A150-6E9BC6276461}
	EndGlobalSection
EndGlobal
